
Microsoft Visual Studio Solution File, Format Version 12.00
# Visual Studio Version 17
VisualStudioVersion = 17.3.32922.545
MinimumVisualStudioVersion = 10.0.40219.1
Project("{FAE04EC0-301F-11D3-BF4B-00C04F79EFBC}") = "WebShop", "WebShop\WebShop.csproj", "{FDCEA98B-A296-49FB-870D-1D9112506A30}"
EndProject
Global
	GlobalSection(SolutionConfigurationPlatforms) = preSolution
		Debug|Any CPU = Debug|Any CPU
		Release|Any CPU = Release|Any CPU
	EndGlobalSection
	GlobalSection(ProjectConfigurationPlatforms) = postSolution
		{FDCEA98B-A296-49FB-870D-1D9112506A30}.Debug|Any CPU.ActiveCfg = Debug|Any CPU
		{FDCEA98B-A296-49FB-870D-1D9112506A30}.Debug|Any CPU.Build.0 = Debug|Any CPU
		{FDCEA98B-A296-49FB-870D-1D9112506A30}.Release|Any CPU.ActiveCfg = Release|Any CPU
		{FDCEA98B-A296-49FB-870D-1D9112506A30}.Release|Any CPU.Build.0 = Release|Any CPU
	EndGlobalSection
	GlobalSection(SolutionProperties) = preSolution
		HideSolutionNode = FALSE
	EndGlobalSection
	GlobalSection(ExtensibilityGlobals) = postSolution
		SolutionGuid = {7A51125E-FEDF-48E5-9BCF-3BCDF3543204}
	EndGlobalSection
EndGlobal
